// !$*UTF8*$!
{
	archiveVersion = 1;
	classes = {
	};
	objectVersion = 56;
	objects = {

/* Begin PBXBuildFile section */
		B101521329998586001F2B87 /* SFTextFieldDelegate.swift in Sources */ = {isa = PBXBuildFile; fileRef = B101521229998586001F2B87 /* SFTextFieldDelegate.swift */; };
		B194A1EA2A9F59DD00A3958D /* SFTextFieldParams.swift in Sources */ = {isa = PBXBuildFile; fileRef = B194A1E92A9F59DD00A3958D /* SFTextFieldParams.swift */; };
		B1A6FE2B2998E18F00F9D19C /* AppDelegate.swift in Sources */ = {isa = PBXBuildFile; fileRef = B1A6FE2A2998E18F00F9D19C /* AppDelegate.swift */; };
		B1A6FE2D2998E18F00F9D19C /* SceneDelegate.swift in Sources */ = {isa = PBXBuildFile; fileRef = B1A6FE2C2998E18F00F9D19C /* SceneDelegate.swift */; };
		B1A6FE2F2998E18F00F9D19C /* ViewController.swift in Sources */ = {isa = PBXBuildFile; fileRef = B1A6FE2E2998E18F00F9D19C /* ViewController.swift */; };
		B1A6FE322998E18F00F9D19C /* Main.storyboard in Resources */ = {isa = PBXBuildFile; fileRef = B1A6FE302998E18F00F9D19C /* Main.storyboard */; };
		B1A6FE342998E19100F9D19C /* Assets.xcassets in Resources */ = {isa = PBXBuildFile; fileRef = B1A6FE332998E19100F9D19C /* Assets.xcassets */; };
		B1A6FE372998E19100F9D19C /* LaunchScreen.storyboard in Resources */ = {isa = PBXBuildFile; fileRef = B1A6FE352998E19100F9D19C /* LaunchScreen.storyboard */; };
		B1A6FE402998E2FF00F9D19C /* SFTextField.swift in Sources */ = {isa = PBXBuildFile; fileRef = B1A6FE3F2998E2FF00F9D19C /* SFTextField.swift */; };
		B1A6FE422998E31A00F9D19C /* Extensions.swift in Sources */ = {isa = PBXBuildFile; fileRef = B1A6FE412998E31A00F9D19C /* Extensions.swift */; };
		B1A6FE442998E33400F9D19C /* Utils.swift in Sources */ = {isa = PBXBuildFile; fileRef = B1A6FE432998E33400F9D19C /* Utils.swift */; };
		B1BFE3B22A90C5EE005D5DD1 /* SwiftFormModel.swift in Sources */ = {isa = PBXBuildFile; fileRef = B1BFE3AF2A90C5EE005D5DD1 /* SwiftFormModel.swift */; };
		B1BFE3B32A90C5EE005D5DD1 /* SwiftFormValidator.swift in Sources */ = {isa = PBXBuildFile; fileRef = B1BFE3B02A90C5EE005D5DD1 /* SwiftFormValidator.swift */; };
		B1BFE3B42A90C5EE005D5DD1 /* SwiftFormRule.swift in Sources */ = {isa = PBXBuildFile; fileRef = B1BFE3B12A90C5EE005D5DD1 /* SwiftFormRule.swift */; };
		B1BFE3C32A90C607005D5DD1 /* IsRequired.swift in Sources */ = {isa = PBXBuildFile; fileRef = B1BFE3B62A90C607005D5DD1 /* IsRequired.swift */; };
		B1BFE3C42A90C607005D5DD1 /* MaxLength.swift in Sources */ = {isa = PBXBuildFile; fileRef = B1BFE3B72A90C607005D5DD1 /* MaxLength.swift */; };
		B1BFE3C52A90C607005D5DD1 /* MaxValue.swift in Sources */ = {isa = PBXBuildFile; fileRef = B1BFE3B82A90C607005D5DD1 /* MaxValue.swift */; };
		B1BFE3C62A90C607005D5DD1 /* IsEqualTo.swift in Sources */ = {isa = PBXBuildFile; fileRef = B1BFE3B92A90C607005D5DD1 /* IsEqualTo.swift */; };
		B1BFE3C72A90C607005D5DD1 /* IsName.swift in Sources */ = {isa = PBXBuildFile; fileRef = B1BFE3BA2A90C607005D5DD1 /* IsName.swift */; };
		B1BFE3C82A90C607005D5DD1 /* IsStrongPassword.swift in Sources */ = {isa = PBXBuildFile; fileRef = B1BFE3BB2A90C607005D5DD1 /* IsStrongPassword.swift */; };
		B1BFE3C92A90C607005D5DD1 /* MinLength.swift in Sources */ = {isa = PBXBuildFile; fileRef = B1BFE3BC2A90C607005D5DD1 /* MinLength.swift */; };
		B1BFE3CA2A90C607005D5DD1 /* MinValue.swift in Sources */ = {isa = PBXBuildFile; fileRef = B1BFE3BD2A90C607005D5DD1 /* MinValue.swift */; };
		B1BFE3CB2A90C607005D5DD1 /* IsEmail.swift in Sources */ = {isa = PBXBuildFile; fileRef = B1BFE3BE2A90C607005D5DD1 /* IsEmail.swift */; };
		B1BFE3CC2A90C607005D5DD1 /* ExactSize.swift in Sources */ = {isa = PBXBuildFile; fileRef = B1BFE3BF2A90C607005D5DD1 /* ExactSize.swift */; };
		B1BFE3CD2A90C607005D5DD1 /* IsNumber.swift in Sources */ = {isa = PBXBuildFile; fileRef = B1BFE3C02A90C607005D5DD1 /* IsNumber.swift */; };
		B1BFE3CE2A90C607005D5DD1 /* IsDate.swift in Sources */ = {isa = PBXBuildFile; fileRef = B1BFE3C12A90C607005D5DD1 /* IsDate.swift */; };
		B1BFE3CF2A90C607005D5DD1 /* IsInteger.swift in Sources */ = {isa = PBXBuildFile; fileRef = B1BFE3C22A90C607005D5DD1 /* IsInteger.swift */; };
		B6E912742AA6973E002B4B1C /* SFPasswordField.swift in Sources */ = {isa = PBXBuildFile; fileRef = B6E912732AA6973E002B4B1C /* SFPasswordField.swift */; };
		B6E912762AA7416F002B4B1C /* SFBaseTextField.swift in Sources */ = {isa = PBXBuildFile; fileRef = B6E912752AA7416F002B4B1C /* SFBaseTextField.swift */; };
/* End PBXBuildFile section */

/* Begin PBXFileReference section */
		B101521229998586001F2B87 /* SFTextFieldDelegate.swift */ = {isa = PBXFileReference; lastKnownFileType = sourcecode.swift; path = SFTextFieldDelegate.swift; sourceTree = "<group>"; };
		B194A1E92A9F59DD00A3958D /* SFTextFieldParams.swift */ = {isa = PBXFileReference; lastKnownFileType = sourcecode.swift; path = SFTextFieldParams.swift; sourceTree = "<group>"; };
		B1A6FE272998E18F00F9D19C /* SwiftFormHost.app */ = {isa = PBXFileReference; explicitFileType = wrapper.application; includeInIndex = 0; path = SwiftFormHost.app; sourceTree = BUILT_PRODUCTS_DIR; };
		B1A6FE2A2998E18F00F9D19C /* AppDelegate.swift */ = {isa = PBXFileReference; lastKnownFileType = sourcecode.swift; path = AppDelegate.swift; sourceTree = "<group>"; };
		B1A6FE2C2998E18F00F9D19C /* SceneDelegate.swift */ = {isa = PBXFileReference; lastKnownFileType = sourcecode.swift; path = SceneDelegate.swift; sourceTree = "<group>"; };
		B1A6FE2E2998E18F00F9D19C /* ViewController.swift */ = {isa = PBXFileReference; lastKnownFileType = sourcecode.swift; path = ViewController.swift; sourceTree = "<group>"; };
		B1A6FE312998E18F00F9D19C /* Base */ = {isa = PBXFileReference; lastKnownFileType = file.storyboard; name = Base; path = Base.lproj/Main.storyboard; sourceTree = "<group>"; };
		B1A6FE332998E19100F9D19C /* Assets.xcassets */ = {isa = PBXFileReference; lastKnownFileType = folder.assetcatalog; path = Assets.xcassets; sourceTree = "<group>"; };
		B1A6FE362998E19100F9D19C /* Base */ = {isa = PBXFileReference; lastKnownFileType = file.storyboard; name = Base; path = Base.lproj/LaunchScreen.storyboard; sourceTree = "<group>"; };
		B1A6FE382998E19100F9D19C /* Info.plist */ = {isa = PBXFileReference; lastKnownFileType = text.plist.xml; path = Info.plist; sourceTree = "<group>"; };
		B1A6FE3F2998E2FF00F9D19C /* SFTextField.swift */ = {isa = PBXFileReference; lastKnownFileType = sourcecode.swift; path = SFTextField.swift; sourceTree = "<group>"; };
		B1A6FE412998E31A00F9D19C /* Extensions.swift */ = {isa = PBXFileReference; lastKnownFileType = sourcecode.swift; path = Extensions.swift; sourceTree = "<group>"; };
		B1A6FE432998E33400F9D19C /* Utils.swift */ = {isa = PBXFileReference; lastKnownFileType = sourcecode.swift; path = Utils.swift; sourceTree = "<group>"; };
		B1BFE3AF2A90C5EE005D5DD1 /* SwiftFormModel.swift */ = {isa = PBXFileReference; fileEncoding = 4; lastKnownFileType = sourcecode.swift; path = SwiftFormModel.swift; sourceTree = "<group>"; };
		B1BFE3B02A90C5EE005D5DD1 /* SwiftFormValidator.swift */ = {isa = PBXFileReference; fileEncoding = 4; lastKnownFileType = sourcecode.swift; path = SwiftFormValidator.swift; sourceTree = "<group>"; };
		B1BFE3B12A90C5EE005D5DD1 /* SwiftFormRule.swift */ = {isa = PBXFileReference; fileEncoding = 4; lastKnownFileType = sourcecode.swift; path = SwiftFormRule.swift; sourceTree = "<group>"; };
		B1BFE3B62A90C607005D5DD1 /* IsRequired.swift */ = {isa = PBXFileReference; fileEncoding = 4; lastKnownFileType = sourcecode.swift; path = IsRequired.swift; sourceTree = "<group>"; };
		B1BFE3B72A90C607005D5DD1 /* MaxLength.swift */ = {isa = PBXFileReference; fileEncoding = 4; lastKnownFileType = sourcecode.swift; path = MaxLength.swift; sourceTree = "<group>"; };
		B1BFE3B82A90C607005D5DD1 /* MaxValue.swift */ = {isa = PBXFileReference; fileEncoding = 4; lastKnownFileType = sourcecode.swift; path = MaxValue.swift; sourceTree = "<group>"; };
		B1BFE3B92A90C607005D5DD1 /* IsEqualTo.swift */ = {isa = PBXFileReference; fileEncoding = 4; lastKnownFileType = sourcecode.swift; path = IsEqualTo.swift; sourceTree = "<group>"; };
		B1BFE3BA2A90C607005D5DD1 /* IsName.swift */ = {isa = PBXFileReference; fileEncoding = 4; lastKnownFileType = sourcecode.swift; path = IsName.swift; sourceTree = "<group>"; };
		B1BFE3BB2A90C607005D5DD1 /* IsStrongPassword.swift */ = {isa = PBXFileReference; fileEncoding = 4; lastKnownFileType = sourcecode.swift; path = IsStrongPassword.swift; sourceTree = "<group>"; };
		B1BFE3BC2A90C607005D5DD1 /* MinLength.swift */ = {isa = PBXFileReference; fileEncoding = 4; lastKnownFileType = sourcecode.swift; path = MinLength.swift; sourceTree = "<group>"; };
		B1BFE3BD2A90C607005D5DD1 /* MinValue.swift */ = {isa = PBXFileReference; fileEncoding = 4; lastKnownFileType = sourcecode.swift; path = MinValue.swift; sourceTree = "<group>"; };
		B1BFE3BE2A90C607005D5DD1 /* IsEmail.swift */ = {isa = PBXFileReference; fileEncoding = 4; lastKnownFileType = sourcecode.swift; path = IsEmail.swift; sourceTree = "<group>"; };
		B1BFE3BF2A90C607005D5DD1 /* ExactSize.swift */ = {isa = PBXFileReference; fileEncoding = 4; lastKnownFileType = sourcecode.swift; path = ExactSize.swift; sourceTree = "<group>"; };
		B1BFE3C02A90C607005D5DD1 /* IsNumber.swift */ = {isa = PBXFileReference; fileEncoding = 4; lastKnownFileType = sourcecode.swift; path = IsNumber.swift; sourceTree = "<group>"; };
		B1BFE3C12A90C607005D5DD1 /* IsDate.swift */ = {isa = PBXFileReference; fileEncoding = 4; lastKnownFileType = sourcecode.swift; path = IsDate.swift; sourceTree = "<group>"; };
		B1BFE3C22A90C607005D5DD1 /* IsInteger.swift */ = {isa = PBXFileReference; fileEncoding = 4; lastKnownFileType = sourcecode.swift; path = IsInteger.swift; sourceTree = "<group>"; };
		B6E912732AA6973E002B4B1C /* SFPasswordField.swift */ = {isa = PBXFileReference; lastKnownFileType = sourcecode.swift; path = SFPasswordField.swift; sourceTree = "<group>"; };
		B6E912752AA7416F002B4B1C /* SFBaseTextField.swift */ = {isa = PBXFileReference; lastKnownFileType = sourcecode.swift; path = SFBaseTextField.swift; sourceTree = "<group>"; };
/* End PBXFileReference section */

/* Begin PBXFrameworksBuildPhase section */
		B1A6FE242998E18F00F9D19C /* Frameworks */ = {
			isa = PBXFrameworksBuildPhase;
			buildActionMask = 2147483647;
			files = (
			);
			runOnlyForDeploymentPostprocessing = 0;
		};
/* End PBXFrameworksBuildPhase section */

/* Begin PBXGroup section */
		B1245E6C2AA8D37600FDC7CD /* Core */ = {
			isa = PBXGroup;
			children = (
				B1A6FE432998E33400F9D19C /* Utils.swift */,
				B1A6FE412998E31A00F9D19C /* Extensions.swift */,
				B194A1E92A9F59DD00A3958D /* SFTextFieldParams.swift */,
				B101521229998586001F2B87 /* SFTextFieldDelegate.swift */,
			);
			path = Core;
			sourceTree = "<group>";
		};
		B1A6FE1E2998E18F00F9D19C = {
			isa = PBXGroup;
			children = (
				B1A6FE292998E18F00F9D19C /* SwiftFormHost */,
				B1A6FE282998E18F00F9D19C /* Products */,
			);
			sourceTree = "<group>";
		};
		B1A6FE282998E18F00F9D19C /* Products */ = {
			isa = PBXGroup;
			children = (
				B1A6FE272998E18F00F9D19C /* SwiftFormHost.app */,
			);
			name = Products;
			sourceTree = "<group>";
		};
		B1A6FE292998E18F00F9D19C /* SwiftFormHost */ = {
			isa = PBXGroup;
			children = (
				B1A6FE3E2998E2CB00F9D19C /* Library */,
				B1A6FE2A2998E18F00F9D19C /* AppDelegate.swift */,
				B1A6FE2C2998E18F00F9D19C /* SceneDelegate.swift */,
				B1A6FE2E2998E18F00F9D19C /* ViewController.swift */,
				B1A6FE302998E18F00F9D19C /* Main.storyboard */,
				B1A6FE332998E19100F9D19C /* Assets.xcassets */,
				B1A6FE352998E19100F9D19C /* LaunchScreen.storyboard */,
				B1A6FE382998E19100F9D19C /* Info.plist */,
			);
			path = SwiftFormHost;
			sourceTree = "<group>";
		};
		B1A6FE3E2998E2CB00F9D19C /* Library */ = {
			isa = PBXGroup;
			children = (
				B1245E6C2AA8D37600FDC7CD /* Core */,
				B1BFE3AE2A90C55F005D5DD1 /* Validator */,
				B1BFE3B52A90C607005D5DD1 /* Rules */,
				B1A6FE452998E33E00F9D19C /* Fields */,
			);
			path = Library;
			sourceTree = "<group>";
		};
		B1A6FE452998E33E00F9D19C /* Fields */ = {
			isa = PBXGroup;
			children = (
				B6E912752AA7416F002B4B1C /* SFBaseTextField.swift */,
				B1A6FE3F2998E2FF00F9D19C /* SFTextField.swift */,
				B6E912732AA6973E002B4B1C /* SFPasswordField.swift */,
			);
			path = Fields;
			sourceTree = "<group>";
		};
		B1BFE3AE2A90C55F005D5DD1 /* Validator */ = {
			isa = PBXGroup;
			children = (
				B1BFE3AF2A90C5EE005D5DD1 /* SwiftFormModel.swift */,
				B1BFE3B12A90C5EE005D5DD1 /* SwiftFormRule.swift */,
				B1BFE3B02A90C5EE005D5DD1 /* SwiftFormValidator.swift */,
			);
			path = Validator;
			sourceTree = "<group>";
		};
		B1BFE3B52A90C607005D5DD1 /* Rules */ = {
			isa = PBXGroup;
			children = (
				B1BFE3B62A90C607005D5DD1 /* IsRequired.swift */,
				B1BFE3B72A90C607005D5DD1 /* MaxLength.swift */,
				B1BFE3B82A90C607005D5DD1 /* MaxValue.swift */,
				B1BFE3B92A90C607005D5DD1 /* IsEqualTo.swift */,
				B1BFE3BA2A90C607005D5DD1 /* IsName.swift */,
				B1BFE3BB2A90C607005D5DD1 /* IsStrongPassword.swift */,
				B1BFE3BC2A90C607005D5DD1 /* MinLength.swift */,
				B1BFE3BD2A90C607005D5DD1 /* MinValue.swift */,
				B1BFE3BE2A90C607005D5DD1 /* IsEmail.swift */,
				B1BFE3BF2A90C607005D5DD1 /* ExactSize.swift */,
				B1BFE3C02A90C607005D5DD1 /* IsNumber.swift */,
				B1BFE3C12A90C607005D5DD1 /* IsDate.swift */,
				B1BFE3C22A90C607005D5DD1 /* IsInteger.swift */,
			);
			path = Rules;
			sourceTree = "<group>";
		};
/* End PBXGroup section */

/* Begin PBXNativeTarget section */
		B1A6FE262998E18F00F9D19C /* SwiftFormHost */ = {
			isa = PBXNativeTarget;
			buildConfigurationList = B1A6FE3B2998E19100F9D19C /* Build configuration list for PBXNativeTarget "SwiftFormHost" */;
			buildPhases = (
				B1A6FE232998E18F00F9D19C /* Sources */,
				B1A6FE242998E18F00F9D19C /* Frameworks */,
				B1A6FE252998E18F00F9D19C /* Resources */,
			);
			buildRules = (
			);
			dependencies = (
			);
			name = SwiftFormHost;
			productName = SwiftFormHost;
			productReference = B1A6FE272998E18F00F9D19C /* SwiftFormHost.app */;
			productType = "com.apple.product-type.application";
		};
/* End PBXNativeTarget section */

/* Begin PBXProject section */
		B1A6FE1F2998E18F00F9D19C /* Project object */ = {
			isa = PBXProject;
			attributes = {
				BuildIndependentTargetsInParallel = 1;
				LastSwiftUpdateCheck = 1410;
				LastUpgradeCheck = 1410;
				TargetAttributes = {
					B1A6FE262998E18F00F9D19C = {
						CreatedOnToolsVersion = 14.1;
					};
				};
			};
			buildConfigurationList = B1A6FE222998E18F00F9D19C /* Build configuration list for PBXProject "SwiftFormHost" */;
			compatibilityVersion = "Xcode 14.0";
			developmentRegion = en;
			hasScannedForEncodings = 0;
			knownRegions = (
				en,
				Base,
			);
			mainGroup = B1A6FE1E2998E18F00F9D19C;
			productRefGroup = B1A6FE282998E18F00F9D19C /* Products */;
			projectDirPath = "";
			projectRoot = "";
			targets = (
				B1A6FE262998E18F00F9D19C /* SwiftFormHost */,
			);
		};
/* End PBXProject section */

/* Begin PBXResourcesBuildPhase section */
		B1A6FE252998E18F00F9D19C /* Resources */ = {
			isa = PBXResourcesBuildPhase;
			buildActionMask = 2147483647;
			files = (
				B1A6FE372998E19100F9D19C /* LaunchScreen.storyboard in Resources */,
				B1A6FE342998E19100F9D19C /* Assets.xcassets in Resources */,
				B1A6FE322998E18F00F9D19C /* Main.storyboard in Resources */,
			);
			runOnlyForDeploymentPostprocessing = 0;
		};
/* End PBXResourcesBuildPhase section */

/* Begin PBXSourcesBuildPhase section */
		B1A6FE232998E18F00F9D19C /* Sources */ = {
			isa = PBXSourcesBuildPhase;
			buildActionMask = 2147483647;
			files = (
				B194A1EA2A9F59DD00A3958D /* SFTextFieldParams.swift in Sources */,
				B1BFE3CA2A90C607005D5DD1 /* MinValue.swift in Sources */,
				B1BFE3C52A90C607005D5DD1 /* MaxValue.swift in Sources */,
				B1BFE3CB2A90C607005D5DD1 /* IsEmail.swift in Sources */,
				B1A6FE422998E31A00F9D19C /* Extensions.swift in Sources */,
				B1BFE3B22A90C5EE005D5DD1 /* SwiftFormModel.swift in Sources */,
				B6E912742AA6973E002B4B1C /* SFPasswordField.swift in Sources */,
				B1A6FE2F2998E18F00F9D19C /* ViewController.swift in Sources */,
				B6E912762AA7416F002B4B1C /* SFBaseTextField.swift in Sources */,
				B1BFE3CD2A90C607005D5DD1 /* IsNumber.swift in Sources */,
				B101521329998586001F2B87 /* SFTextFieldDelegate.swift in Sources */,
				B1A6FE2B2998E18F00F9D19C /* AppDelegate.swift in Sources */,
				B1A6FE402998E2FF00F9D19C /* SFTextField.swift in Sources */,
				B1BFE3CF2A90C607005D5DD1 /* IsInteger.swift in Sources */,
				B1BFE3C62A90C607005D5DD1 /* IsEqualTo.swift in Sources */,
				B1BFE3C92A90C607005D5DD1 /* MinLength.swift in Sources */,
				B1BFE3C42A90C607005D5DD1 /* MaxLength.swift in Sources */,
				B1BFE3B32A90C5EE005D5DD1 /* SwiftFormValidator.swift in Sources */,
				B1BFE3B42A90C5EE005D5DD1 /* SwiftFormRule.swift in Sources */,
				B1BFE3CC2A90C607005D5DD1 /* ExactSize.swift in Sources */,
				B1BFE3C72A90C607005D5DD1 /* IsName.swift in Sources */,
				B1BFE3CE2A90C607005D5DD1 /* IsDate.swift in Sources */,
				B1BFE3C32A90C607005D5DD1 /* IsRequired.swift in Sources */,
				B1BFE3C82A90C607005D5DD1 /* IsStrongPassword.swift in Sources */,
				B1A6FE2D2998E18F00F9D19C /* SceneDelegate.swift in Sources */,
				B1A6FE442998E33400F9D19C /* Utils.swift in Sources */,
			);
			runOnlyForDeploymentPostprocessing = 0;
		};
/* End PBXSourcesBuildPhase section */

/* Begin PBXVariantGroup section */
		B1A6FE302998E18F00F9D19C /* Main.storyboard */ = {
			isa = PBXVariantGroup;
			children = (
				B1A6FE312998E18F00F9D19C /* Base */,
			);
			name = Main.storyboard;
			sourceTree = "<group>";
		};
		B1A6FE352998E19100F9D19C /* LaunchScreen.storyboard */ = {
			isa = PBXVariantGroup;
			children = (
				B1A6FE362998E19100F9D19C /* Base */,
			);
			name = LaunchScreen.storyboard;
			sourceTree = "<group>";
		};
/* End PBXVariantGroup section */

/* Begin XCBuildConfiguration section */
		B1A6FE392998E19100F9D19C /* Debug */ = {
			isa = XCBuildConfiguration;
			buildSettings = {
				ALWAYS_SEARCH_USER_PATHS = NO;
				CLANG_ANALYZER_NONNULL = YES;
				CLANG_ANALYZER_NUMBER_OBJECT_CONVERSION = YES_AGGRESSIVE;
				CLANG_CXX_LANGUAGE_STANDARD = "gnu++20";
				CLANG_ENABLE_MODULES = YES;
				CLANG_ENABLE_OBJC_ARC = YES;
				CLANG_ENABLE_OBJC_WEAK = YES;
				CLANG_WARN_BLOCK_CAPTURE_AUTORELEASING = YES;
				CLANG_WARN_BOOL_CONVERSION = YES;
				CLANG_WARN_COMMA = YES;
				CLANG_WARN_CONSTANT_CONVERSION = YES;
				CLANG_WARN_DEPRECATED_OBJC_IMPLEMENTATIONS = YES;
				CLANG_WARN_DIRECT_OBJC_ISA_USAGE = YES_ERROR;
				CLANG_WARN_DOCUMENTATION_COMMENTS = YES;
				CLANG_WARN_EMPTY_BODY = YES;
				CLANG_WARN_ENUM_CONVERSION = YES;
				CLANG_WARN_INFINITE_RECURSION = YES;
				CLANG_WARN_INT_CONVERSION = YES;
				CLANG_WARN_NON_LITERAL_NULL_CONVERSION = YES;
				CLANG_WARN_OBJC_IMPLICIT_RETAIN_SELF = YES;
				CLANG_WARN_OBJC_LITERAL_CONVERSION = YES;
				CLANG_WARN_OBJC_ROOT_CLASS = YES_ERROR;
				CLANG_WARN_QUOTED_INCLUDE_IN_FRAMEWORK_HEADER = YES;
				CLANG_WARN_RANGE_LOOP_ANALYSIS = YES;
				CLANG_WARN_STRICT_PROTOTYPES = YES;
				CLANG_WARN_SUSPICIOUS_MOVE = YES;
				CLANG_WARN_UNGUARDED_AVAILABILITY = YES_AGGRESSIVE;
				CLANG_WARN_UNREACHABLE_CODE = YES;
				CLANG_WARN__DUPLICATE_METHOD_MATCH = YES;
				COPY_PHASE_STRIP = NO;
				DEBUG_INFORMATION_FORMAT = dwarf;
				ENABLE_STRICT_OBJC_MSGSEND = YES;
				ENABLE_TESTABILITY = YES;
				GCC_C_LANGUAGE_STANDARD = gnu11;
				GCC_DYNAMIC_NO_PIC = NO;
				GCC_NO_COMMON_BLOCKS = YES;
				GCC_OPTIMIZATION_LEVEL = 0;
				GCC_PREPROCESSOR_DEFINITIONS = (
					"DEBUG=1",
					"$(inherited)",
				);
				GCC_WARN_64_TO_32_BIT_CONVERSION = YES;
				GCC_WARN_ABOUT_RETURN_TYPE = YES_ERROR;
				GCC_WARN_UNDECLARED_SELECTOR = YES;
				GCC_WARN_UNINITIALIZED_AUTOS = YES_AGGRESSIVE;
				GCC_WARN_UNUSED_FUNCTION = YES;
				GCC_WARN_UNUSED_VARIABLE = YES;
				IPHONEOS_DEPLOYMENT_TARGET = 16.1;
				MTL_ENABLE_DEBUG_INFO = INCLUDE_SOURCE;
				MTL_FAST_MATH = YES;
				ONLY_ACTIVE_ARCH = YES;
				SDKROOT = iphoneos;
				SWIFT_ACTIVE_COMPILATION_CONDITIONS = DEBUG;
				SWIFT_OPTIMIZATION_LEVEL = "-Onone";
			};
			name = Debug;
		};
		B1A6FE3A2998E19100F9D19C /* Release */ = {
			isa = XCBuildConfiguration;
			buildSettings = {
				ALWAYS_SEARCH_USER_PATHS = NO;
				CLANG_ANALYZER_NONNULL = YES;
				CLANG_ANALYZER_NUMBER_OBJECT_CONVERSION = YES_AGGRESSIVE;
				CLANG_CXX_LANGUAGE_STANDARD = "gnu++20";
				CLANG_ENABLE_MODULES = YES;
				CLANG_ENABLE_OBJC_ARC = YES;
				CLANG_ENABLE_OBJC_WEAK = YES;
				CLANG_WARN_BLOCK_CAPTURE_AUTORELEASING = YES;
				CLANG_WARN_BOOL_CONVERSION = YES;
				CLANG_WARN_COMMA = YES;
				CLANG_WARN_CONSTANT_CONVERSION = YES;
				CLANG_WARN_DEPRECATED_OBJC_IMPLEMENTATIONS = YES;
				CLANG_WARN_DIRECT_OBJC_ISA_USAGE = YES_ERROR;
				CLANG_WARN_DOCUMENTATION_COMMENTS = YES;
				CLANG_WARN_EMPTY_BODY = YES;
				CLANG_WARN_ENUM_CONVERSION = YES;
				CLANG_WARN_INFINITE_RECURSION = YES;
				CLANG_WARN_INT_CONVERSION = YES;
				CLANG_WARN_NON_LITERAL_NULL_CONVERSION = YES;
				CLANG_WARN_OBJC_IMPLICIT_RETAIN_SELF = YES;
				CLANG_WARN_OBJC_LITERAL_CONVERSION = YES;
				CLANG_WARN_OBJC_ROOT_CLASS = YES_ERROR;
				CLANG_WARN_QUOTED_INCLUDE_IN_FRAMEWORK_HEADER = YES;
				CLANG_WARN_RANGE_LOOP_ANALYSIS = YES;
				CLANG_WARN_STRICT_PROTOTYPES = YES;
				CLANG_WARN_SUSPICIOUS_MOVE = YES;
				CLANG_WARN_UNGUARDED_AVAILABILITY = YES_AGGRESSIVE;
				CLANG_WARN_UNREACHABLE_CODE = YES;
				CLANG_WARN__DUPLICATE_METHOD_MATCH = YES;
				COPY_PHASE_STRIP = NO;
				DEBUG_INFORMATION_FORMAT = "dwarf-with-dsym";
				ENABLE_NS_ASSERTIONS = NO;
				ENABLE_STRICT_OBJC_MSGSEND = YES;
				GCC_C_LANGUAGE_STANDARD = gnu11;
				GCC_NO_COMMON_BLOCKS = YES;
				GCC_WARN_64_TO_32_BIT_CONVERSION = YES;
				GCC_WARN_ABOUT_RETURN_TYPE = YES_ERROR;
				GCC_WARN_UNDECLARED_SELECTOR = YES;
				GCC_WARN_UNINITIALIZED_AUTOS = YES_AGGRESSIVE;
				GCC_WARN_UNUSED_FUNCTION = YES;
				GCC_WARN_UNUSED_VARIABLE = YES;
				IPHONEOS_DEPLOYMENT_TARGET = 16.1;
				MTL_ENABLE_DEBUG_INFO = NO;
				MTL_FAST_MATH = YES;
				SDKROOT = iphoneos;
				SWIFT_COMPILATION_MODE = wholemodule;
				SWIFT_OPTIMIZATION_LEVEL = "-O";
				VALIDATE_PRODUCT = YES;
			};
			name = Release;
		};
		B1A6FE3C2998E19100F9D19C /* Debug */ = {
			isa = XCBuildConfiguration;
			buildSettings = {
				ASSETCATALOG_COMPILER_APPICON_NAME = AppIcon;
				ASSETCATALOG_COMPILER_GLOBAL_ACCENT_COLOR_NAME = AccentColor;
				CODE_SIGN_STYLE = Automatic;
				CURRENT_PROJECT_VERSION = 1;
				DEVELOPMENT_TEAM = 22U79C2DSK;
				GENERATE_INFOPLIST_FILE = YES;
				INFOPLIST_FILE = SwiftFormHost/Info.plist;
				INFOPLIST_KEY_UIApplicationSupportsIndirectInputEvents = YES;
				INFOPLIST_KEY_UILaunchStoryboardName = LaunchScreen;
				INFOPLIST_KEY_UIMainStoryboardFile = Main;
				INFOPLIST_KEY_UISupportedInterfaceOrientations = UIInterfaceOrientationPortrait;
				INFOPLIST_KEY_UISupportedInterfaceOrientations_iPad = "UIInterfaceOrientationLandscapeLeft UIInterfaceOrientationLandscapeRight UIInterfaceOrientationPortrait UIInterfaceOrientationPortraitUpsideDown";
				IPHONEOS_DEPLOYMENT_TARGET = 13.0;
				LD_RUNPATH_SEARCH_PATHS = (
					"$(inherited)",
					"@executable_path/Frameworks",
				);
				MARKETING_VERSION = 1.0;
				PRODUCT_BUNDLE_IDENTIFIER = com.ezengold.SwiftFormHost;
				PRODUCT_NAME = "$(TARGET_NAME)";
				SUPPORTED_PLATFORMS = "iphoneos iphonesimulator";
				SUPPORTS_MACCATALYST = NO;
				SUPPORTS_MAC_DESIGNED_FOR_IPHONE_IPAD = NO;
				SWIFT_EMIT_LOC_STRINGS = YES;
				SWIFT_VERSION = 5.0;
				TARGETED_DEVICE_FAMILY = 1;
			};
			name = Debug;
		};
		B1A6FE3D2998E19100F9D19C /* Release */ = {
			isa = XCBuildConfiguration;
			buildSettings = {
				ASSETCATALOG_COMPILER_APPICON_NAME = AppIcon;
				ASSETCATALOG_COMPILER_GLOBAL_ACCENT_COLOR_NAME = AccentColor;
				CODE_SIGN_STYLE = Automatic;
				CURRENT_PROJECT_VERSION = 1;
				DEVELOPMENT_TEAM = 22U79C2DSK;
				GENERATE_INFOPLIST_FILE = YES;
				INFOPLIST_FILE = SwiftFormHost/Info.plist;
				INFOPLIST_KEY_UIApplicationSupportsIndirectInputEvents = YES;
				INFOPLIST_KEY_UILaunchStoryboardName = LaunchScreen;
				INFOPLIST_KEY_UIMainStoryboardFile = Main;
				INFOPLIST_KEY_UISupportedInterfaceOrientations = UIInterfaceOrientationPortrait;
				INFOPLIST_KEY_UISupportedInterfaceOrientations_iPad = "UIInterfaceOrientationLandscapeLeft UIInterfaceOrientationLandscapeRight UIInterfaceOrientationPortrait UIInterfaceOrientationPortraitUpsideDown";
				IPHONEOS_DEPLOYMENT_TARGET = 13.0;
				LD_RUNPATH_SEARCH_PATHS = (
					"$(inherited)",
					"@executable_path/Frameworks",
				);
				MARKETING_VERSION = 1.0;
				PRODUCT_BUNDLE_IDENTIFIER = com.ezengold.SwiftFormHost;
				PRODUCT_NAME = "$(TARGET_NAME)";
				SUPPORTED_PLATFORMS = "iphoneos iphonesimulator";
				SUPPORTS_MACCATALYST = NO;
				SUPPORTS_MAC_DESIGNED_FOR_IPHONE_IPAD = NO;
				SWIFT_EMIT_LOC_STRINGS = YES;
				SWIFT_VERSION = 5.0;
				TARGETED_DEVICE_FAMILY = 1;
			};
			name = Release;
		};
/* End XCBuildConfiguration section */

/* Begin XCConfigurationList section */
		B1A6FE222998E18F00F9D19C /* Build configuration list for PBXProject "SwiftFormHost" */ = {
			isa = XCConfigurationList;
			buildConfigurations = (
				B1A6FE392998E19100F9D19C /* Debug */,
				B1A6FE3A2998E19100F9D19C /* Release */,
			);
			defaultConfigurationIsVisible = 0;
			defaultConfigurationName = Release;
		};
		B1A6FE3B2998E19100F9D19C /* Build configuration list for PBXNativeTarget "SwiftFormHost" */ = {
			isa = XCConfigurationList;
			buildConfigurations = (
				B1A6FE3C2998E19100F9D19C /* Debug */,
				B1A6FE3D2998E19100F9D19C /* Release */,
			);
			defaultConfigurationIsVisible = 0;
			defaultConfigurationName = Release;
		};
/* End XCConfigurationList section */
	};
	rootObject = B1A6FE1F2998E18F00F9D19C /* Project object */;
}
